
Microsoft Visual Studio Solution File, Format Version 12.00
# Visual Studio Version 17
VisualStudioVersion = 17.14.36511.14
MinimumVisualStudioVersion = 10.0.40219.1
Project("{FAE04EC0-301F-11D3-BF4B-00C04F79EFBC}") = "CODE_81", "CODE_81\CODE_81.csproj", "{6CCE4A76-5134-4E02-907D-2027B35C5D1E}"
EndProject
Project("{FAE04EC0-301F-11D3-BF4B-00C04F79EFBC}") = "Application", "Application\Application.csproj", "{8D2D33B1-F98B-47FC-BEB9-9ABA00CFA2CD}"
EndProject
Project("{FAE04EC0-301F-11D3-BF4B-00C04F79EFBC}") = "Persistence", "Persistence\Persistence.csproj", "{A8B3B9EB-1DCD-4C20-B55D-FBBDFD52A752}"
EndProject
Project("{FAE04EC0-301F-11D3-BF4B-00C04F79EFBC}") = "Domain", "Domain\Domain.csproj", "{8F1FAF38-A5C2-48DB-9C05-61B85202487C}"
EndProject
Global
	GlobalSection(SolutionConfigurationPlatforms) = preSolution
		Debug|Any CPU = Debug|Any CPU
		Release|Any CPU = Release|Any CPU
	EndGlobalSection
	GlobalSection(ProjectConfigurationPlatforms) = postSolution
		{6CCE4A76-5134-4E02-907D-2027B35C5D1E}.Debug|Any CPU.ActiveCfg = Debug|Any CPU
		{6CCE4A76-5134-4E02-907D-2027B35C5D1E}.Debug|Any CPU.Build.0 = Debug|Any CPU
		{6CCE4A76-5134-4E02-907D-2027B35C5D1E}.Release|Any CPU.ActiveCfg = Release|Any CPU
		{6CCE4A76-5134-4E02-907D-2027B35C5D1E}.Release|Any CPU.Build.0 = Release|Any CPU
		{8D2D33B1-F98B-47FC-BEB9-9ABA00CFA2CD}.Debug|Any CPU.ActiveCfg = Debug|Any CPU
		{8D2D33B1-F98B-47FC-BEB9-9ABA00CFA2CD}.Debug|Any CPU.Build.0 = Debug|Any CPU
		{8D2D33B1-F98B-47FC-BEB9-9ABA00CFA2CD}.Release|Any CPU.ActiveCfg = Release|Any CPU
		{8D2D33B1-F98B-47FC-BEB9-9ABA00CFA2CD}.Release|Any CPU.Build.0 = Release|Any CPU
		{A8B3B9EB-1DCD-4C20-B55D-FBBDFD52A752}.Debug|Any CPU.ActiveCfg = Debug|Any CPU
		{A8B3B9EB-1DCD-4C20-B55D-FBBDFD52A752}.Debug|Any CPU.Build.0 = Debug|Any CPU
		{A8B3B9EB-1DCD-4C20-B55D-FBBDFD52A752}.Release|Any CPU.ActiveCfg = Release|Any CPU
		{A8B3B9EB-1DCD-4C20-B55D-FBBDFD52A752}.Release|Any CPU.Build.0 = Release|Any CPU
		{8F1FAF38-A5C2-48DB-9C05-61B85202487C}.Debug|Any CPU.ActiveCfg = Debug|Any CPU
		{8F1FAF38-A5C2-48DB-9C05-61B85202487C}.Debug|Any CPU.Build.0 = Debug|Any CPU
		{8F1FAF38-A5C2-48DB-9C05-61B85202487C}.Release|Any CPU.ActiveCfg = Release|Any CPU
		{8F1FAF38-A5C2-48DB-9C05-61B85202487C}.Release|Any CPU.Build.0 = Release|Any CPU
	EndGlobalSection
	GlobalSection(SolutionProperties) = preSolution
		HideSolutionNode = FALSE
	EndGlobalSection
	GlobalSection(ExtensibilityGlobals) = postSolution
		SolutionGuid = {5FD76478-6CB0-42B2-B096-6D53473A60B1}
	EndGlobalSection
EndGlobal
